{
    "name": "domainexpiry",
    "version": "0.0.1",
    "lockfileVersion": 3,
    "requires": true,
    "packages": {
        "": {
            "name": "domainexpiry",
            "version": "0.0.1",
            "license": "GPL-3.0",
            "dependencies": {
                "dotenv": "^16.0.3",
                "fs": "^0.0.1-security"
            }
        },
        "node_modules/dotenv": {
            "version": "16.0.3",
            "resolved": "https://registry.npmjs.org/dotenv/-/dotenv-16.0.3.tgz",
            "integrity": "sha512-7GO6HghkA5fYG9TYnNxi14/7K9f5occMlp3zXAuSxn7CKCxt9xbNWG7yF8hTCSUchlfWSe3uLmlPfigevRItzQ==",
            "engines": {
                "node": ">=12"
            }
        },
        "node_modules/fs": {
            "version": "0.0.1-security",
            "resolved": "https://registry.npmjs.org/fs/-/fs-0.0.1-security.tgz",
            "integrity": "sha512-3XY9e1pP0CVEUCdj5BmfIZxRBTSDycnbqhIOGec9QYtmVH2fbLpj86CFWkrNOkt/Fvty4KZG5lTglL9j/gJ87w=="
        }
    }
}
